// !$*UTF8*$!
{
	archiveVersion = 1;
	classes = {
	};
	objectVersion = 56;
	objects = {

/* Begin PBXBuildFile section */
		4F0178862A173F57007ACD76 /* OddApp.swift in Sources */ = {isa = PBXBuildFile; fileRef = 4F0178852A173F57007ACD76 /* OddApp.swift */; };
		4F0178882A173F57007ACD76 /* ContentView.swift in Sources */ = {isa = PBXBuildFile; fileRef = 4F0178872A173F57007ACD76 /* ContentView.swift */; };
		4F01788A2A173F58007ACD76 /* Assets.xcassets in Resources */ = {isa = PBXBuildFile; fileRef = 4F0178892A173F58007ACD76 /* Assets.xcassets */; };
		4F01788E2A173F58007ACD76 /* Preview Assets.xcassets in Resources */ = {isa = PBXBuildFile; fileRef = 4F01788D2A173F58007ACD76 /* Preview Assets.xcassets */; };
		4F01789D2A176D3E007ACD76 /* KMMViewModelCore in Frameworks */ = {isa = PBXBuildFile; productRef = 4F01789C2A176D3E007ACD76 /* KMMViewModelCore */; };
		4F01789F2A176D3E007ACD76 /* KMMViewModelSwiftUI in Frameworks */ = {isa = PBXBuildFile; productRef = 4F01789E2A176D3E007ACD76 /* KMMViewModelSwiftUI */; };
		4F0178A12A176D67007ACD76 /* KMMViewModel.swift in Sources */ = {isa = PBXBuildFile; fileRef = 4F0178A02A176D67007ACD76 /* KMMViewModel.swift */; };
		4FECAD0E2A1A367B00DED963 /* SearchContent.swift in Sources */ = {isa = PBXBuildFile; fileRef = 4FECAD0D2A1A367B00DED963 /* SearchContent.swift */; };
		4FECAD102A1A38A700DED963 /* ContactOwner.swift in Sources */ = {isa = PBXBuildFile; fileRef = 4FECAD0F2A1A38A700DED963 /* ContactOwner.swift */; };
		4FEEC7352A17C6C7009CEE9A /* KMPNativeCoroutinesAsync in Frameworks */ = {isa = PBXBuildFile; productRef = 4FEEC7342A17C6C7009CEE9A /* KMPNativeCoroutinesAsync */; };
		4FEEC7372A17C6C7009CEE9A /* KMPNativeCoroutinesCore in Frameworks */ = {isa = PBXBuildFile; productRef = 4FEEC7362A17C6C7009CEE9A /* KMPNativeCoroutinesCore */; };
/* End PBXBuildFile section */

/* Begin PBXFileReference section */
		4F0178822A173F57007ACD76 /* Odd.app */ = {isa = PBXFileReference; explicitFileType = wrapper.application; includeInIndex = 0; path = Odd.app; sourceTree = BUILT_PRODUCTS_DIR; };
		4F0178852A173F57007ACD76 /* OddApp.swift */ = {isa = PBXFileReference; lastKnownFileType = sourcecode.swift; path = OddApp.swift; sourceTree = "<group>"; };
		4F0178872A173F57007ACD76 /* ContentView.swift */ = {isa = PBXFileReference; lastKnownFileType = sourcecode.swift; path = ContentView.swift; sourceTree = "<group>"; };
		4F0178892A173F58007ACD76 /* Assets.xcassets */ = {isa = PBXFileReference; lastKnownFileType = folder.assetcatalog; path = Assets.xcassets; sourceTree = "<group>"; };
		4F01788B2A173F58007ACD76 /* Odd.entitlements */ = {isa = PBXFileReference; lastKnownFileType = text.plist.entitlements; path = Odd.entitlements; sourceTree = "<group>"; };
		4F01788D2A173F58007ACD76 /* Preview Assets.xcassets */ = {isa = PBXFileReference; lastKnownFileType = folder.assetcatalog; path = "Preview Assets.xcassets"; sourceTree = "<group>"; };
		4F0178A02A176D67007ACD76 /* KMMViewModel.swift */ = {isa = PBXFileReference; lastKnownFileType = sourcecode.swift; path = KMMViewModel.swift; sourceTree = "<group>"; };
		4FECAD0D2A1A367B00DED963 /* SearchContent.swift */ = {isa = PBXFileReference; lastKnownFileType = sourcecode.swift; path = SearchContent.swift; sourceTree = "<group>"; };
		4FECAD0F2A1A38A700DED963 /* ContactOwner.swift */ = {isa = PBXFileReference; lastKnownFileType = sourcecode.swift; path = ContactOwner.swift; sourceTree = "<group>"; };
/* End PBXFileReference section */

/* Begin PBXFrameworksBuildPhase section */
		4F01787F2A173F57007ACD76 /* Frameworks */ = {
			isa = PBXFrameworksBuildPhase;
			buildActionMask = 2147483647;
			files = (
				4F01789D2A176D3E007ACD76 /* KMMViewModelCore in Frameworks */,
				4FEEC7372A17C6C7009CEE9A /* KMPNativeCoroutinesCore in Frameworks */,
				4FEEC7352A17C6C7009CEE9A /* KMPNativeCoroutinesAsync in Frameworks */,
				4F01789F2A176D3E007ACD76 /* KMMViewModelSwiftUI in Frameworks */,
			);
			runOnlyForDeploymentPostprocessing = 0;
		};
/* End PBXFrameworksBuildPhase section */

/* Begin PBXGroup section */
		4F0178792A173F57007ACD76 = {
			isa = PBXGroup;
			children = (
				4F0178842A173F57007ACD76 /* Odd */,
				4F0178832A173F57007ACD76 /* Products */,
			);
			sourceTree = "<group>";
		};
		4F0178832A173F57007ACD76 /* Products */ = {
			isa = PBXGroup;
			children = (
				4F0178822A173F57007ACD76 /* Odd.app */,
			);
			name = Products;
			sourceTree = "<group>";
		};
		4F0178842A173F57007ACD76 /* Odd */ = {
			isa = PBXGroup;
			children = (
				4F0178852A173F57007ACD76 /* OddApp.swift */,
				4F0178872A173F57007ACD76 /* ContentView.swift */,
				4F0178892A173F58007ACD76 /* Assets.xcassets */,
				4F01788B2A173F58007ACD76 /* Odd.entitlements */,
				4F01788C2A173F58007ACD76 /* Preview Content */,
				4F0178A02A176D67007ACD76 /* KMMViewModel.swift */,
				4FECAD0D2A1A367B00DED963 /* SearchContent.swift */,
				4FECAD0F2A1A38A700DED963 /* ContactOwner.swift */,
			);
			path = Odd;
			sourceTree = "<group>";
		};
		4F01788C2A173F58007ACD76 /* Preview Content */ = {
			isa = PBXGroup;
			children = (
				4F01788D2A173F58007ACD76 /* Preview Assets.xcassets */,
			);
			path = "Preview Content";
			sourceTree = "<group>";
		};
/* End PBXGroup section */

/* Begin PBXNativeTarget section */
		4F0178812A173F57007ACD76 /* Odd */ = {
			isa = PBXNativeTarget;
			buildConfigurationList = 4F0178912A173F58007ACD76 /* Build configuration list for PBXNativeTarget "Odd" */;
			buildPhases = (
				4F0178942A17408D007ACD76 /* KMM */,
				4FEEC72D2A17C5C1009CEE9A /* Lint */,
				4F01787E2A173F57007ACD76 /* Sources */,
				4F01787F2A173F57007ACD76 /* Frameworks */,
				4F0178802A173F57007ACD76 /* Resources */,
			);
			buildRules = (
			);
			dependencies = (
			);
			name = Odd;
			packageProductDependencies = (
				4F01789C2A176D3E007ACD76 /* KMMViewModelCore */,
				4F01789E2A176D3E007ACD76 /* KMMViewModelSwiftUI */,
				4FEEC7342A17C6C7009CEE9A /* KMPNativeCoroutinesAsync */,
				4FEEC7362A17C6C7009CEE9A /* KMPNativeCoroutinesCore */,
			);
			productName = Odd;
			productReference = 4F0178822A173F57007ACD76 /* Odd.app */;
			productType = "com.apple.product-type.application";
		};
/* End PBXNativeTarget section */

/* Begin PBXProject section */
		4F01787A2A173F57007ACD76 /* Project object */ = {
			isa = PBXProject;
			attributes = {
				BuildIndependentTargetsInParallel = 1;
				LastSwiftUpdateCheck = 1430;
				LastUpgradeCheck = 1430;
				TargetAttributes = {
					4F0178812A173F57007ACD76 = {
						CreatedOnToolsVersion = 14.3;
					};
				};
			};
			buildConfigurationList = 4F01787D2A173F57007ACD76 /* Build configuration list for PBXProject "Odd" */;
			compatibilityVersion = "Xcode 14.0";
			developmentRegion = en;
			hasScannedForEncodings = 0;
			knownRegions = (
				en,
				Base,
			);
			mainGroup = 4F0178792A173F57007ACD76;
			packageReferences = (
				4F01789B2A176D3E007ACD76 /* XCRemoteSwiftPackageReference "KMM-ViewModel" */,
				4FEEC7332A17C6C7009CEE9A /* XCRemoteSwiftPackageReference "KMP-NativeCoroutines" */,
			);
			productRefGroup = 4F0178832A173F57007ACD76 /* Products */;
			projectDirPath = "";
			projectRoot = "";
			targets = (
				4F0178812A173F57007ACD76 /* Odd */,
			);
		};
/* End PBXProject section */

/* Begin PBXResourcesBuildPhase section */
		4F0178802A173F57007ACD76 /* Resources */ = {
			isa = PBXResourcesBuildPhase;
			buildActionMask = 2147483647;
			files = (
				4F01788E2A173F58007ACD76 /* Preview Assets.xcassets in Resources */,
				4F01788A2A173F58007ACD76 /* Assets.xcassets in Resources */,
			);
			runOnlyForDeploymentPostprocessing = 0;
		};
/* End PBXResourcesBuildPhase section */

/* Begin PBXShellScriptBuildPhase section */
		4F0178942A17408D007ACD76 /* KMM */ = {
			isa = PBXShellScriptBuildPhase;
			alwaysOutOfDate = 1;
			buildActionMask = 2147483647;
			files = (
			);
			inputFileListPaths = (
			);
			inputPaths = (
			);
			name = KMM;
			outputFileListPaths = (
			);
			outputPaths = (
			);
			runOnlyForDeploymentPostprocessing = 0;
			shellPath = /bin/sh;
			shellScript = "cd \"$SRCROOT/..\"\n./gradlew :shared:embedAndSignAppleFrameworkForXcode\n";
		};
		4FEEC72D2A17C5C1009CEE9A /* Lint */ = {
			isa = PBXShellScriptBuildPhase;
			alwaysOutOfDate = 1;
			buildActionMask = 2147483647;
			files = (
			);
			inputFileListPaths = (
			);
			inputPaths = (
			);
			name = Lint;
			outputFileListPaths = (
			);
			outputPaths = (
			);
			runOnlyForDeploymentPostprocessing = 0;
			shellPath = /bin/sh;
			shellScript = "PATH=/opt/homebrew/bin:$PATH\nif [ -f ~/com.raywenderlich.swiftlint.yml ]; then\n  if which swiftlint >/dev/null; then\n    swiftlint --no-cache --config ~/com.raywenderlich.swiftlint.yml\n  fi\nfi\n";
		};
/* End PBXShellScriptBuildPhase section */

/* Begin PBXSourcesBuildPhase section */
		4F01787E2A173F57007ACD76 /* Sources */ = {
			isa = PBXSourcesBuildPhase;
			buildActionMask = 2147483647;
			files = (
				4FECAD102A1A38A700DED963 /* ContactOwner.swift in Sources */,
				4F0178A12A176D67007ACD76 /* KMMViewModel.swift in Sources */,
				4F0178882A173F57007ACD76 /* ContentView.swift in Sources */,
				4F0178862A173F57007ACD76 /* OddApp.swift in Sources */,
				4FECAD0E2A1A367B00DED963 /* SearchContent.swift in Sources */,
			);
			runOnlyForDeploymentPostprocessing = 0;
		};
/* End PBXSourcesBuildPhase section */

/* Begin XCBuildConfiguration section */
		4F01788F2A173F58007ACD76 /* Debug */ = {
			isa = XCBuildConfiguration;
			buildSettings = {
				ALWAYS_SEARCH_USER_PATHS = NO;
				CLANG_ANALYZER_NONNULL = YES;
				CLANG_ANALYZER_NUMBER_OBJECT_CONVERSION = YES_AGGRESSIVE;
				CLANG_CXX_LANGUAGE_STANDARD = "gnu++20";
				CLANG_ENABLE_MODULES = YES;
				CLANG_ENABLE_OBJC_ARC = YES;
				CLANG_ENABLE_OBJC_WEAK = YES;
				CLANG_WARN_BLOCK_CAPTURE_AUTORELEASING = YES;
				CLANG_WARN_BOOL_CONVERSION = YES;
				CLANG_WARN_COMMA = YES;
				CLANG_WARN_CONSTANT_CONVERSION = YES;
				CLANG_WARN_DEPRECATED_OBJC_IMPLEMENTATIONS = YES;
				CLANG_WARN_DIRECT_OBJC_ISA_USAGE = YES_ERROR;
				CLANG_WARN_DOCUMENTATION_COMMENTS = YES;
				CLANG_WARN_EMPTY_BODY = YES;
				CLANG_WARN_ENUM_CONVERSION = YES;
				CLANG_WARN_INFINITE_RECURSION = YES;
				CLANG_WARN_INT_CONVERSION = YES;
				CLANG_WARN_NON_LITERAL_NULL_CONVERSION = YES;
				CLANG_WARN_OBJC_IMPLICIT_RETAIN_SELF = YES;
				CLANG_WARN_OBJC_LITERAL_CONVERSION = YES;
				CLANG_WARN_OBJC_ROOT_CLASS = YES_ERROR;
				CLANG_WARN_QUOTED_INCLUDE_IN_FRAMEWORK_HEADER = YES;
				CLANG_WARN_RANGE_LOOP_ANALYSIS = YES;
				CLANG_WARN_STRICT_PROTOTYPES = YES;
				CLANG_WARN_SUSPICIOUS_MOVE = YES;
				CLANG_WARN_UNGUARDED_AVAILABILITY = YES_AGGRESSIVE;
				CLANG_WARN_UNREACHABLE_CODE = YES;
				CLANG_WARN__DUPLICATE_METHOD_MATCH = YES;
				COPY_PHASE_STRIP = NO;
				DEBUG_INFORMATION_FORMAT = dwarf;
				ENABLE_STRICT_OBJC_MSGSEND = YES;
				ENABLE_TESTABILITY = YES;
				GCC_C_LANGUAGE_STANDARD = gnu11;
				GCC_DYNAMIC_NO_PIC = NO;
				GCC_NO_COMMON_BLOCKS = YES;
				GCC_OPTIMIZATION_LEVEL = 0;
				GCC_PREPROCESSOR_DEFINITIONS = (
					"DEBUG=1",
					"$(inherited)",
				);
				GCC_WARN_64_TO_32_BIT_CONVERSION = YES;
				GCC_WARN_ABOUT_RETURN_TYPE = YES_ERROR;
				GCC_WARN_UNDECLARED_SELECTOR = YES;
				GCC_WARN_UNINITIALIZED_AUTOS = YES_AGGRESSIVE;
				GCC_WARN_UNUSED_FUNCTION = YES;
				GCC_WARN_UNUSED_VARIABLE = YES;
				MTL_ENABLE_DEBUG_INFO = INCLUDE_SOURCE;
				MTL_FAST_MATH = YES;
				ONLY_ACTIVE_ARCH = YES;
				SWIFT_ACTIVE_COMPILATION_CONDITIONS = DEBUG;
				SWIFT_OPTIMIZATION_LEVEL = "-Onone";
			};
			name = Debug;
		};
		4F0178902A173F58007ACD76 /* Release */ = {
			isa = XCBuildConfiguration;
			buildSettings = {
				ALWAYS_SEARCH_USER_PATHS = NO;
				CLANG_ANALYZER_NONNULL = YES;
				CLANG_ANALYZER_NUMBER_OBJECT_CONVERSION = YES_AGGRESSIVE;
				CLANG_CXX_LANGUAGE_STANDARD = "gnu++20";
				CLANG_ENABLE_MODULES = YES;
				CLANG_ENABLE_OBJC_ARC = YES;
				CLANG_ENABLE_OBJC_WEAK = YES;
				CLANG_WARN_BLOCK_CAPTURE_AUTORELEASING = YES;
				CLANG_WARN_BOOL_CONVERSION = YES;
				CLANG_WARN_COMMA = YES;
				CLANG_WARN_CONSTANT_CONVERSION = YES;
				CLANG_WARN_DEPRECATED_OBJC_IMPLEMENTATIONS = YES;
				CLANG_WARN_DIRECT_OBJC_ISA_USAGE = YES_ERROR;
				CLANG_WARN_DOCUMENTATION_COMMENTS = YES;
				CLANG_WARN_EMPTY_BODY = YES;
				CLANG_WARN_ENUM_CONVERSION = YES;
				CLANG_WARN_INFINITE_RECURSION = YES;
				CLANG_WARN_INT_CONVERSION = YES;
				CLANG_WARN_NON_LITERAL_NULL_CONVERSION = YES;
				CLANG_WARN_OBJC_IMPLICIT_RETAIN_SELF = YES;
				CLANG_WARN_OBJC_LITERAL_CONVERSION = YES;
				CLANG_WARN_OBJC_ROOT_CLASS = YES_ERROR;
				CLANG_WARN_QUOTED_INCLUDE_IN_FRAMEWORK_HEADER = YES;
				CLANG_WARN_RANGE_LOOP_ANALYSIS = YES;
				CLANG_WARN_STRICT_PROTOTYPES = YES;
				CLANG_WARN_SUSPICIOUS_MOVE = YES;
				CLANG_WARN_UNGUARDED_AVAILABILITY = YES_AGGRESSIVE;
				CLANG_WARN_UNREACHABLE_CODE = YES;
				CLANG_WARN__DUPLICATE_METHOD_MATCH = YES;
				COPY_PHASE_STRIP = NO;
				DEBUG_INFORMATION_FORMAT = "dwarf-with-dsym";
				ENABLE_NS_ASSERTIONS = NO;
				ENABLE_STRICT_OBJC_MSGSEND = YES;
				GCC_C_LANGUAGE_STANDARD = gnu11;
				GCC_NO_COMMON_BLOCKS = YES;
				GCC_WARN_64_TO_32_BIT_CONVERSION = YES;
				GCC_WARN_ABOUT_RETURN_TYPE = YES_ERROR;
				GCC_WARN_UNDECLARED_SELECTOR = YES;
				GCC_WARN_UNINITIALIZED_AUTOS = YES_AGGRESSIVE;
				GCC_WARN_UNUSED_FUNCTION = YES;
				GCC_WARN_UNUSED_VARIABLE = YES;
				MTL_ENABLE_DEBUG_INFO = NO;
				MTL_FAST_MATH = YES;
				SWIFT_COMPILATION_MODE = wholemodule;
				SWIFT_OPTIMIZATION_LEVEL = "-O";
			};
			name = Release;
		};
		4F0178922A173F58007ACD76 /* Debug */ = {
			isa = XCBuildConfiguration;
			buildSettings = {
				ASSETCATALOG_COMPILER_APPICON_NAME = AppIcon;
				ASSETCATALOG_COMPILER_GLOBAL_ACCENT_COLOR_NAME = AccentColor;
				CODE_SIGN_ENTITLEMENTS = Odd/Odd.entitlements;
				"CODE_SIGN_IDENTITY[sdk=macosx*]" = "Apple Development";
				CODE_SIGN_STYLE = Automatic;
				CURRENT_PROJECT_VERSION = 1;
				DEVELOPMENT_ASSET_PATHS = "\"Odd/Preview Content\"";
				DEVELOPMENT_TEAM = S3Q3XLZH9X;
				ENABLE_HARDENED_RUNTIME = YES;
				ENABLE_PREVIEWS = YES;
				FRAMEWORK_SEARCH_PATHS = "$(SRCROOT)/../shared/build/xcode-frameworks/$(CONFIGURATION)/$(SDK_NAME)";
				GENERATE_INFOPLIST_FILE = YES;
				INFOPLIST_KEY_CFBundleDisplayName = Kattregister;
				"INFOPLIST_KEY_UIApplicationSceneManifest_Generation[sdk=iphoneos*]" = YES;
				"INFOPLIST_KEY_UIApplicationSceneManifest_Generation[sdk=iphonesimulator*]" = YES;
				"INFOPLIST_KEY_UIApplicationSupportsIndirectInputEvents[sdk=iphoneos*]" = YES;
				"INFOPLIST_KEY_UIApplicationSupportsIndirectInputEvents[sdk=iphonesimulator*]" = YES;
				"INFOPLIST_KEY_UILaunchScreen_Generation[sdk=iphoneos*]" = YES;
				"INFOPLIST_KEY_UILaunchScreen_Generation[sdk=iphonesimulator*]" = YES;
				"INFOPLIST_KEY_UIStatusBarStyle[sdk=iphoneos*]" = UIStatusBarStyleDefault;
				"INFOPLIST_KEY_UIStatusBarStyle[sdk=iphonesimulator*]" = UIStatusBarStyleDefault;
				INFOPLIST_KEY_UISupportedInterfaceOrientations_iPad = "UIInterfaceOrientationPortrait UIInterfaceOrientationPortraitUpsideDown UIInterfaceOrientationLandscapeLeft UIInterfaceOrientationLandscapeRight";
				INFOPLIST_KEY_UISupportedInterfaceOrientations_iPhone = "UIInterfaceOrientationPortrait UIInterfaceOrientationLandscapeLeft UIInterfaceOrientationLandscapeRight";
				IPHONEOS_DEPLOYMENT_TARGET = 16.4;
				LD_RUNPATH_SEARCH_PATHS = "@executable_path/Frameworks";
				"LD_RUNPATH_SEARCH_PATHS[sdk=macosx*]" = "@executable_path/../Frameworks";
				MACOSX_DEPLOYMENT_TARGET = 13.3;
				MARKETING_VERSION = 1.0;
				OTHER_LDFLAGS = (
					"$(inherited)",
					"-framework",
					Shared,
				);
				PRODUCT_BUNDLE_IDENTIFIER = duck.hansson.odd.ios;
				PRODUCT_NAME = "$(TARGET_NAME)";
				SDKROOT = auto;
				SUPPORTED_PLATFORMS = "iphoneos iphonesimulator macosx";
				SWIFT_EMIT_LOC_STRINGS = YES;
				SWIFT_VERSION = 5.0;
				TARGETED_DEVICE_FAMILY = "1,2";
			};
			name = Debug;
		};
		4F0178932A173F58007ACD76 /* Release */ = {
			isa = XCBuildConfiguration;
			buildSettings = {
				ASSETCATALOG_COMPILER_APPICON_NAME = AppIcon;
				ASSETCATALOG_COMPILER_GLOBAL_ACCENT_COLOR_NAME = AccentColor;
				CODE_SIGN_ENTITLEMENTS = Odd/Odd.entitlements;
				"CODE_SIGN_IDENTITY[sdk=macosx*]" = "Apple Development";
				CODE_SIGN_STYLE = Automatic;
				CURRENT_PROJECT_VERSION = 1;
				DEVELOPMENT_ASSET_PATHS = "\"Odd/Preview Content\"";
				DEVELOPMENT_TEAM = S3Q3XLZH9X;
				ENABLE_HARDENED_RUNTIME = YES;
				ENABLE_PREVIEWS = YES;
				FRAMEWORK_SEARCH_PATHS = "$(SRCROOT)/../shared/build/xcode-frameworks/$(CONFIGURATION)/$(SDK_NAME)";
				GENERATE_INFOPLIST_FILE = YES;
				INFOPLIST_KEY_CFBundleDisplayName = Kattregister;
				"INFOPLIST_KEY_UIApplicationSceneManifest_Generation[sdk=iphoneos*]" = YES;
				"INFOPLIST_KEY_UIApplicationSceneManifest_Generation[sdk=iphonesimulator*]" = YES;
				"INFOPLIST_KEY_UIApplicationSupportsIndirectInputEvents[sdk=iphoneos*]" = YES;
				"INFOPLIST_KEY_UIApplicationSupportsIndirectInputEvents[sdk=iphonesimulator*]" = YES;
				"INFOPLIST_KEY_UILaunchScreen_Generation[sdk=iphoneos*]" = YES;
				"INFOPLIST_KEY_UILaunchScreen_Generation[sdk=iphonesimulator*]" = YES;
				"INFOPLIST_KEY_UIStatusBarStyle[sdk=iphoneos*]" = UIStatusBarStyleDefault;
				"INFOPLIST_KEY_UIStatusBarStyle[sdk=iphonesimulator*]" = UIStatusBarStyleDefault;
				INFOPLIST_KEY_UISupportedInterfaceOrientations_iPad = "UIInterfaceOrientationPortrait UIInterfaceOrientationPortraitUpsideDown UIInterfaceOrientationLandscapeLeft UIInterfaceOrientationLandscapeRight";
				INFOPLIST_KEY_UISupportedInterfaceOrientations_iPhone = "UIInterfaceOrientationPortrait UIInterfaceOrientationLandscapeLeft UIInterfaceOrientationLandscapeRight";
				IPHONEOS_DEPLOYMENT_TARGET = 16.4;
				LD_RUNPATH_SEARCH_PATHS = "@executable_path/Frameworks";
				"LD_RUNPATH_SEARCH_PATHS[sdk=macosx*]" = "@executable_path/../Frameworks";
				MACOSX_DEPLOYMENT_TARGET = 13.3;
				MARKETING_VERSION = 1.0;
				OTHER_LDFLAGS = (
					"$(inherited)",
					"-framework",
					Shared,
				);
				PRODUCT_BUNDLE_IDENTIFIER = duck.hansson.odd.ios;
				PRODUCT_NAME = "$(TARGET_NAME)";
				SDKROOT = auto;
				SUPPORTED_PLATFORMS = "iphoneos iphonesimulator macosx";
				SWIFT_EMIT_LOC_STRINGS = YES;
				SWIFT_VERSION = 5.0;
				TARGETED_DEVICE_FAMILY = "1,2";
			};
			name = Release;
		};
/* End XCBuildConfiguration section */

/* Begin XCConfigurationList section */
		4F01787D2A173F57007ACD76 /* Build configuration list for PBXProject "Odd" */ = {
			isa = XCConfigurationList;
			buildConfigurations = (
				4F01788F2A173F58007ACD76 /* Debug */,
				4F0178902A173F58007ACD76 /* Release */,
			);
			defaultConfigurationIsVisible = 0;
			defaultConfigurationName = Release;
		};
		4F0178912A173F58007ACD76 /* Build configuration list for PBXNativeTarget "Odd" */ = {
			isa = XCConfigurationList;
			buildConfigurations = (
				4F0178922A173F58007ACD76 /* Debug */,
				4F0178932A173F58007ACD76 /* Release */,
			);
			defaultConfigurationIsVisible = 0;
			defaultConfigurationName = Release;
		};
/* End XCConfigurationList section */

/* Begin XCRemoteSwiftPackageReference section */
		4F01789B2A176D3E007ACD76 /* XCRemoteSwiftPackageReference "KMM-ViewModel" */ = {
			isa = XCRemoteSwiftPackageReference;
			repositoryURL = "https://github.com/rickclephas/KMM-ViewModel.git";
			requirement = {
				kind = exactVersion;
				version = "1.0.0-ALPHA-9";
			};
		};
		4FEEC7332A17C6C7009CEE9A /* XCRemoteSwiftPackageReference "KMP-NativeCoroutines" */ = {
			isa = XCRemoteSwiftPackageReference;
			repositoryURL = "https://github.com/rickclephas/KMP-NativeCoroutines.git";
			requirement = {
				kind = exactVersion;
				version = "1.0.0-ALPHA-10-spm-async";
			};
		};
/* End XCRemoteSwiftPackageReference section */

/* Begin XCSwiftPackageProductDependency section */
		4F01789C2A176D3E007ACD76 /* KMMViewModelCore */ = {
			isa = XCSwiftPackageProductDependency;
			package = 4F01789B2A176D3E007ACD76 /* XCRemoteSwiftPackageReference "KMM-ViewModel" */;
			productName = KMMViewModelCore;
		};
		4F01789E2A176D3E007ACD76 /* KMMViewModelSwiftUI */ = {
			isa = XCSwiftPackageProductDependency;
			package = 4F01789B2A176D3E007ACD76 /* XCRemoteSwiftPackageReference "KMM-ViewModel" */;
			productName = KMMViewModelSwiftUI;
		};
		4FEEC7342A17C6C7009CEE9A /* KMPNativeCoroutinesAsync */ = {
			isa = XCSwiftPackageProductDependency;
			package = 4FEEC7332A17C6C7009CEE9A /* XCRemoteSwiftPackageReference "KMP-NativeCoroutines" */;
			productName = KMPNativeCoroutinesAsync;
		};
		4FEEC7362A17C6C7009CEE9A /* KMPNativeCoroutinesCore */ = {
			isa = XCSwiftPackageProductDependency;
			package = 4FEEC7332A17C6C7009CEE9A /* XCRemoteSwiftPackageReference "KMP-NativeCoroutines" */;
			productName = KMPNativeCoroutinesCore;
		};
/* End XCSwiftPackageProductDependency section */
	};
	rootObject = 4F01787A2A173F57007ACD76 /* Project object */;
}
